// !$*UTF8*$!
{
	archiveVersion = 1;
	classes = {
	};
	objectVersion = 46;
	objects = {

/* Begin PBXBuildFile section */
		2085DAC31B6141F0003A8263 /* MMTouchLockSplashViewController.swift in Sources */ = {isa = PBXBuildFile; fileRef = 2085DAC21B6141F0003A8263 /* MMTouchLockSplashViewController.swift */; };
		A5A584F5D9D0AED1BFE706B3 /* Pods_Memo.framework in Frameworks */ = {isa = PBXBuildFile; fileRef = AD51156CEDDAD9B8747B3406 /* Pods_Memo.framework */; settings = {ATTRIBUTES = (Weak, ); }; };
		B201C2961B660FF8004CA10C /* MMNoteCollectionViewController.swift in Sources */ = {isa = PBXBuildFile; fileRef = B201C2901B660FF8004CA10C /* MMNoteCollectionViewController.swift */; };
		B201C2981B660FF8004CA10C /* Note.storyboard in Resources */ = {isa = PBXBuildFile; fileRef = B201C2941B660FF8004CA10C /* Note.storyboard */; };
		B201C29A1B66109E004CA10C /* NoteList.plist in Resources */ = {isa = PBXBuildFile; fileRef = B201C2991B66109E004CA10C /* NoteList.plist */; };
		B22594C81B6A15AD0065BDF7 /* MMNoteEditViewController.swift in Sources */ = {isa = PBXBuildFile; fileRef = B22594C71B6A15AD0065BDF7 /* MMNoteEditViewController.swift */; };
		B22594CC1B6A64F00065BDF7 /* MMConstant.swift in Sources */ = {isa = PBXBuildFile; fileRef = B22594CB1B6A64F00065BDF7 /* MMConstant.swift */; };
		B22594D11B6A67C10065BDF7 /* CommonHelper.swift in Sources */ = {isa = PBXBuildFile; fileRef = B22594D01B6A67C10065BDF7 /* CommonHelper.swift */; };
		B24623D41B61D93F00F2FE32 /* MMTabBarController.swift in Sources */ = {isa = PBXBuildFile; fileRef = B24623D31B61D93F00F2FE32 /* MMTabBarController.swift */; };
		B24623D61B61DA3E00F2FE32 /* MMNavigationController.swift in Sources */ = {isa = PBXBuildFile; fileRef = B24623D51B61DA3E00F2FE32 /* MMNavigationController.swift */; };
		B270041A1B60ECCB00B1BEA7 /* AppDelegate.swift in Sources */ = {isa = PBXBuildFile; fileRef = B27004191B60ECCB00B1BEA7 /* AppDelegate.swift */; };
		B270041F1B60ECCB00B1BEA7 /* Main.storyboard in Resources */ = {isa = PBXBuildFile; fileRef = B270041D1B60ECCB00B1BEA7 /* Main.storyboard */; };
		B27004211B60ECCB00B1BEA7 /* Images.xcassets in Resources */ = {isa = PBXBuildFile; fileRef = B27004201B60ECCB00B1BEA7 /* Images.xcassets */; };
		B27004241B60ECCB00B1BEA7 /* LaunchScreen.xib in Resources */ = {isa = PBXBuildFile; fileRef = B27004221B60ECCB00B1BEA7 /* LaunchScreen.xib */; };
		B27004301B60ECCB00B1BEA7 /* MemoTests.swift in Sources */ = {isa = PBXBuildFile; fileRef = B270042F1B60ECCB00B1BEA7 /* MemoTests.swift */; };
		B2F88C771B6B15CB002567BE /* MMViewController.swift in Sources */ = {isa = PBXBuildFile; fileRef = B2F88C761B6B15CB002567BE /* MMViewController.swift */; };
		B2F88C791B6B50BB002567BE /* MMNoteEditTextView.swift in Sources */ = {isa = PBXBuildFile; fileRef = B2F88C781B6B50BB002567BE /* MMNoteEditTextView.swift */; };
		B2F88C7B1B6B706F002567BE /* Memo-Header.swift in Sources */ = {isa = PBXBuildFile; fileRef = B2F88C7A1B6B706F002567BE /* Memo-Header.swift */; };
/* End PBXBuildFile section */

/* Begin PBXContainerItemProxy section */
		B270042A1B60ECCB00B1BEA7 /* PBXContainerItemProxy */ = {
			isa = PBXContainerItemProxy;
			containerPortal = B270040C1B60ECCB00B1BEA7 /* Project object */;
			proxyType = 1;
			remoteGlobalIDString = B27004131B60ECCB00B1BEA7;
			remoteInfo = Memo;
		};
/* End PBXContainerItemProxy section */

/* Begin PBXFileReference section */
		2085DAC21B6141F0003A8263 /* MMTouchLockSplashViewController.swift */ = {isa = PBXFileReference; fileEncoding = 4; lastKnownFileType = sourcecode.swift; path = MMTouchLockSplashViewController.swift; sourceTree = "<group>"; };
		2085DAC41B61434B003A8263 /* Security.framework */ = {isa = PBXFileReference; lastKnownFileType = wrapper.framework; name = Security.framework; path = System/Library/Frameworks/Security.framework; sourceTree = SDKROOT; };
		8A6F8D927F4A9A46ECBDB276 /* Pods-Memo.release.xcconfig */ = {isa = PBXFileReference; includeInIndex = 1; lastKnownFileType = text.xcconfig; name = "Pods-Memo.release.xcconfig"; path = "Pods/Target Support Files/Pods-Memo/Pods-Memo.release.xcconfig"; sourceTree = "<group>"; };
		AD51156CEDDAD9B8747B3406 /* Pods_Memo.framework */ = {isa = PBXFileReference; explicitFileType = wrapper.framework; includeInIndex = 0; path = Pods_Memo.framework; sourceTree = BUILT_PRODUCTS_DIR; };
		ADE2D46E64A63F19BE8C7817 /* Pods-Memo.debug.xcconfig */ = {isa = PBXFileReference; includeInIndex = 1; lastKnownFileType = text.xcconfig; name = "Pods-Memo.debug.xcconfig"; path = "Pods/Target Support Files/Pods-Memo/Pods-Memo.debug.xcconfig"; sourceTree = "<group>"; };
		B201C2901B660FF8004CA10C /* MMNoteCollectionViewController.swift */ = {isa = PBXFileReference; fileEncoding = 4; lastKnownFileType = sourcecode.swift; path = MMNoteCollectionViewController.swift; sourceTree = "<group>"; };
		B201C2941B660FF8004CA10C /* Note.storyboard */ = {isa = PBXFileReference; fileEncoding = 4; lastKnownFileType = file.storyboard; path = Note.storyboard; sourceTree = "<group>"; };
		B201C2991B66109E004CA10C /* NoteList.plist */ = {isa = PBXFileReference; fileEncoding = 4; lastKnownFileType = text.plist.xml; name = NoteList.plist; path = Memo/Module/Note/NoteList.plist; sourceTree = SOURCE_ROOT; };
		B22594C71B6A15AD0065BDF7 /* MMNoteEditViewController.swift */ = {isa = PBXFileReference; fileEncoding = 4; lastKnownFileType = sourcecode.swift; path = MMNoteEditViewController.swift; sourceTree = "<group>"; };
		B22594CB1B6A64F00065BDF7 /* MMConstant.swift */ = {isa = PBXFileReference; fileEncoding = 4; lastKnownFileType = sourcecode.swift; path = MMConstant.swift; sourceTree = "<group>"; };
		B22594D01B6A67C10065BDF7 /* CommonHelper.swift */ = {isa = PBXFileReference; fileEncoding = 4; lastKnownFileType = sourcecode.swift; path = CommonHelper.swift; sourceTree = "<group>"; };
		B24623D31B61D93F00F2FE32 /* MMTabBarController.swift */ = {isa = PBXFileReference; fileEncoding = 4; lastKnownFileType = sourcecode.swift; path = MMTabBarController.swift; sourceTree = "<group>"; };
		B24623D51B61DA3E00F2FE32 /* MMNavigationController.swift */ = {isa = PBXFileReference; fileEncoding = 4; lastKnownFileType = sourcecode.swift; path = MMNavigationController.swift; sourceTree = "<group>"; };
		B27004141B60ECCB00B1BEA7 /* Memo.app */ = {isa = PBXFileReference; explicitFileType = wrapper.application; includeInIndex = 0; path = Memo.app; sourceTree = BUILT_PRODUCTS_DIR; };
		B27004181B60ECCB00B1BEA7 /* Info.plist */ = {isa = PBXFileReference; lastKnownFileType = text.plist.xml; path = Info.plist; sourceTree = "<group>"; };
		B27004191B60ECCB00B1BEA7 /* AppDelegate.swift */ = {isa = PBXFileReference; lastKnownFileType = sourcecode.swift; path = AppDelegate.swift; sourceTree = "<group>"; };
		B270041E1B60ECCB00B1BEA7 /* Base */ = {isa = PBXFileReference; lastKnownFileType = file.storyboard; name = Base; path = Base.lproj/Main.storyboard; sourceTree = "<group>"; };
		B27004201B60ECCB00B1BEA7 /* Images.xcassets */ = {isa = PBXFileReference; lastKnownFileType = folder.assetcatalog; path = Images.xcassets; sourceTree = "<group>"; };
		B27004231B60ECCB00B1BEA7 /* Base */ = {isa = PBXFileReference; lastKnownFileType = file.xib; name = Base; path = Base.lproj/LaunchScreen.xib; sourceTree = "<group>"; };
		B27004291B60ECCB00B1BEA7 /* MemoTests.xctest */ = {isa = PBXFileReference; explicitFileType = wrapper.cfbundle; includeInIndex = 0; path = MemoTests.xctest; sourceTree = BUILT_PRODUCTS_DIR; };
		B270042E1B60ECCB00B1BEA7 /* Info.plist */ = {isa = PBXFileReference; lastKnownFileType = text.plist.xml; path = Info.plist; sourceTree = "<group>"; };
		B270042F1B60ECCB00B1BEA7 /* MemoTests.swift */ = {isa = PBXFileReference; lastKnownFileType = sourcecode.swift; path = MemoTests.swift; sourceTree = "<group>"; };
		B27004391B61225E00B1BEA7 /* Memo-Bridging-Header.h */ = {isa = PBXFileReference; lastKnownFileType = sourcecode.c.h; path = "Memo-Bridging-Header.h"; sourceTree = "<group>"; };
		B2F88C761B6B15CB002567BE /* MMViewController.swift */ = {isa = PBXFileReference; fileEncoding = 4; lastKnownFileType = sourcecode.swift; path = MMViewController.swift; sourceTree = "<group>"; };
		B2F88C781B6B50BB002567BE /* MMNoteEditTextView.swift */ = {isa = PBXFileReference; fileEncoding = 4; lastKnownFileType = sourcecode.swift; path = MMNoteEditTextView.swift; sourceTree = "<group>"; };
		B2F88C7A1B6B706F002567BE /* Memo-Header.swift */ = {isa = PBXFileReference; fileEncoding = 4; lastKnownFileType = sourcecode.swift; path = "Memo-Header.swift"; sourceTree = "<group>"; };
/* End PBXFileReference section */

/* Begin PBXFrameworksBuildPhase section */
		B27004111B60ECCB00B1BEA7 /* Frameworks */ = {
			isa = PBXFrameworksBuildPhase;
			buildActionMask = 2147483647;
			files = (
				A5A584F5D9D0AED1BFE706B3 /* Pods_Memo.framework in Frameworks */,
			);
			runOnlyForDeploymentPostprocessing = 0;
		};
		B27004261B60ECCB00B1BEA7 /* Frameworks */ = {
			isa = PBXFrameworksBuildPhase;
			buildActionMask = 2147483647;
			files = (
			);
			runOnlyForDeploymentPostprocessing = 0;
		};
/* End PBXFrameworksBuildPhase section */

/* Begin PBXGroup section */
		2085DABF1B6141AB003A8263 /* Module */ = {
			isa = PBXGroup;
			children = (
				B24623DC1B61E99100F2FE32 /* Note */,
				B24623D21B61D93F00F2FE32 /* MainFrame */,
				2085DAC11B6141AB003A8263 /* TouchLock */,
			);
			path = Module;
			sourceTree = "<group>";
		};
		2085DAC11B6141AB003A8263 /* TouchLock */ = {
			isa = PBXGroup;
			children = (
				2085DAC21B6141F0003A8263 /* MMTouchLockSplashViewController.swift */,
			);
			path = TouchLock;
			sourceTree = "<group>";
		};
		406FF9D28C3AB5B0B865B71E /* Pods */ = {
			isa = PBXGroup;
			children = (
				ADE2D46E64A63F19BE8C7817 /* Pods-Memo.debug.xcconfig */,
				8A6F8D927F4A9A46ECBDB276 /* Pods-Memo.release.xcconfig */,
			);
			name = Pods;
			sourceTree = "<group>";
		};
		7CFEA80F2C73C6BC4FF955C2 /* Frameworks */ = {
			isa = PBXGroup;
			children = (
				2085DAC41B61434B003A8263 /* Security.framework */,
				AD51156CEDDAD9B8747B3406 /* Pods_Memo.framework */,
			);
			name = Frameworks;
			sourceTree = "<group>";
		};
		B201C28F1B660FF8004CA10C /* Controller */ = {
			isa = PBXGroup;
			children = (
				B201C2901B660FF8004CA10C /* MMNoteCollectionViewController.swift */,
				B22594C71B6A15AD0065BDF7 /* MMNoteEditViewController.swift */,
			);
			path = Controller;
			sourceTree = "<group>";
		};
		B201C2921B660FF8004CA10C /* Model */ = {
			isa = PBXGroup;
			children = (
			);
			path = Model;
			sourceTree = "<group>";
		};
		B201C2931B660FF8004CA10C /* Source */ = {
			isa = PBXGroup;
			children = (
				B201C2941B660FF8004CA10C /* Note.storyboard */,
				B201C2991B66109E004CA10C /* NoteList.plist */,
			);
			path = Source;
			sourceTree = "<group>";
		};
		B201C2951B660FF8004CA10C /* View */ = {
			isa = PBXGroup;
			children = (
				B2F88C781B6B50BB002567BE /* MMNoteEditTextView.swift */,
			);
			path = View;
			sourceTree = "<group>";
		};
		B22594CD1B6A66A00065BDF7 /* Helper */ = {
			isa = PBXGroup;
			children = (
				B22594D01B6A67C10065BDF7 /* CommonHelper.swift */,
			);
			path = Helper;
			sourceTree = "<group>";
		};
		B24623D21B61D93F00F2FE32 /* MainFrame */ = {
			isa = PBXGroup;
			children = (
				B24623D31B61D93F00F2FE32 /* MMTabBarController.swift */,
				B24623D51B61DA3E00F2FE32 /* MMNavigationController.swift */,
			);
			path = MainFrame;
			sourceTree = "<group>";
		};
		B24623DC1B61E99100F2FE32 /* Note */ = {
			isa = PBXGroup;
			children = (
				B201C28F1B660FF8004CA10C /* Controller */,
				B201C2921B660FF8004CA10C /* Model */,
				B201C2931B660FF8004CA10C /* Source */,
				B201C2951B660FF8004CA10C /* View */,
			);
			path = Note;
			sourceTree = "<group>";
		};
		B270040B1B60ECCB00B1BEA7 = {
			isa = PBXGroup;
			children = (
				B27004161B60ECCB00B1BEA7 /* Memo */,
				B27004151B60ECCB00B1BEA7 /* Products */,
				B270042C1B60ECCB00B1BEA7 /* MemoTests */,
				406FF9D28C3AB5B0B865B71E /* Pods */,
				7CFEA80F2C73C6BC4FF955C2 /* Frameworks */,
			);
			sourceTree = "<group>";
		};
		B27004151B60ECCB00B1BEA7 /* Products */ = {
			isa = PBXGroup;
			children = (
				B27004141B60ECCB00B1BEA7 /* Memo.app */,
				B27004291B60ECCB00B1BEA7 /* MemoTests.xctest */,
			);
			name = Products;
			sourceTree = "<group>";
		};
		B27004161B60ECCB00B1BEA7 /* Memo */ = {
			isa = PBXGroup;
			children = (
				B2F88C711B6B1540002567BE /* Template */,
				B22594CD1B6A66A00065BDF7 /* Helper */,
				2085DABF1B6141AB003A8263 /* Module */,
				B27004171B60ECCB00B1BEA7 /* Supporting Files */,
			);
			path = Memo;
			sourceTree = "<group>";
		};
		B27004171B60ECCB00B1BEA7 /* Supporting Files */ = {
			isa = PBXGroup;
			children = (
				B27004191B60ECCB00B1BEA7 /* AppDelegate.swift */,
				B270041D1B60ECCB00B1BEA7 /* Main.storyboard */,
				B27004201B60ECCB00B1BEA7 /* Images.xcassets */,
				B27004221B60ECCB00B1BEA7 /* LaunchScreen.xib */,
				B27004181B60ECCB00B1BEA7 /* Info.plist */,
				B27004391B61225E00B1BEA7 /* Memo-Bridging-Header.h */,
				B2F88C7A1B6B706F002567BE /* Memo-Header.swift */,
				B22594CB1B6A64F00065BDF7 /* MMConstant.swift */,
			);
			name = "Supporting Files";
			sourceTree = "<group>";
		};
		B270042C1B60ECCB00B1BEA7 /* MemoTests */ = {
			isa = PBXGroup;
			children = (
				B270042F1B60ECCB00B1BEA7 /* MemoTests.swift */,
				B270042D1B60ECCB00B1BEA7 /* Supporting Files */,
			);
			path = MemoTests;
			sourceTree = "<group>";
		};
		B270042D1B60ECCB00B1BEA7 /* Supporting Files */ = {
			isa = PBXGroup;
			children = (
				B270042E1B60ECCB00B1BEA7 /* Info.plist */,
			);
			name = "Supporting Files";
			sourceTree = "<group>";
		};
		B2F88C711B6B1540002567BE /* Template */ = {
			isa = PBXGroup;
			children = (
				B2F88C761B6B15CB002567BE /* MMViewController.swift */,
			);
			path = Template;
			sourceTree = "<group>";
		};
/* End PBXGroup section */

/* Begin PBXNativeTarget section */
		B27004131B60ECCB00B1BEA7 /* Memo */ = {
			isa = PBXNativeTarget;
			buildConfigurationList = B27004331B60ECCB00B1BEA7 /* Build configuration list for PBXNativeTarget "Memo" */;
			buildPhases = (
				15BA90155A5B110116CF28E1 /* Check Pods Manifest.lock */,
				B27004101B60ECCB00B1BEA7 /* Sources */,
				B27004111B60ECCB00B1BEA7 /* Frameworks */,
				B27004121B60ECCB00B1BEA7 /* Resources */,
				723F757EDFFF0E17D12F7CDB /* Copy Pods Resources */,
				8B6A5B8E1526EB971DBB9D9F /* Embed Pods Frameworks */,
			);
			buildRules = (
			);
			dependencies = (
			);
			name = Memo;
			productName = Memo;
			productReference = B27004141B60ECCB00B1BEA7 /* Memo.app */;
			productType = "com.apple.product-type.application";
		};
		B27004281B60ECCB00B1BEA7 /* MemoTests */ = {
			isa = PBXNativeTarget;
			buildConfigurationList = B27004361B60ECCB00B1BEA7 /* Build configuration list for PBXNativeTarget "MemoTests" */;
			buildPhases = (
				B27004251B60ECCB00B1BEA7 /* Sources */,
				B27004261B60ECCB00B1BEA7 /* Frameworks */,
				B27004271B60ECCB00B1BEA7 /* Resources */,
			);
			buildRules = (
			);
			dependencies = (
				B270042B1B60ECCB00B1BEA7 /* PBXTargetDependency */,
			);
			name = MemoTests;
			productName = MemoTests;
			productReference = B27004291B60ECCB00B1BEA7 /* MemoTests.xctest */;
			productType = "com.apple.product-type.bundle.unit-test";
		};
/* End PBXNativeTarget section */

/* Begin PBXProject section */
		B270040C1B60ECCB00B1BEA7 /* Project object */ = {
			isa = PBXProject;
			attributes = {
				LastUpgradeCheck = 0640;
				ORGANIZATIONNAME = childrenOurFuture;
				TargetAttributes = {
					B27004131B60ECCB00B1BEA7 = {
						CreatedOnToolsVersion = 6.4;
					};
					B27004281B60ECCB00B1BEA7 = {
						CreatedOnToolsVersion = 6.4;
						TestTargetID = B27004131B60ECCB00B1BEA7;
					};
				};
			};
			buildConfigurationList = B270040F1B60ECCB00B1BEA7 /* Build configuration list for PBXProject "Memo" */;
			compatibilityVersion = "Xcode 3.2";
			developmentRegion = English;
			hasScannedForEncodings = 0;
			knownRegions = (
				en,
				Base,
			);
			mainGroup = B270040B1B60ECCB00B1BEA7;
			productRefGroup = B27004151B60ECCB00B1BEA7 /* Products */;
			projectDirPath = "";
			projectRoot = "";
			targets = (
				B27004131B60ECCB00B1BEA7 /* Memo */,
				B27004281B60ECCB00B1BEA7 /* MemoTests */,
			);
		};
/* End PBXProject section */

/* Begin PBXResourcesBuildPhase section */
		B27004121B60ECCB00B1BEA7 /* Resources */ = {
			isa = PBXResourcesBuildPhase;
			buildActionMask = 2147483647;
			files = (
				B201C2981B660FF8004CA10C /* Note.storyboard in Resources */,
				B270041F1B60ECCB00B1BEA7 /* Main.storyboard in Resources */,
				B27004241B60ECCB00B1BEA7 /* LaunchScreen.xib in Resources */,
				B27004211B60ECCB00B1BEA7 /* Images.xcassets in Resources */,
				B201C29A1B66109E004CA10C /* NoteList.plist in Resources */,
			);
			runOnlyForDeploymentPostprocessing = 0;
		};
		B27004271B60ECCB00B1BEA7 /* Resources */ = {
			isa = PBXResourcesBuildPhase;
			buildActionMask = 2147483647;
			files = (
			);
			runOnlyForDeploymentPostprocessing = 0;
		};
/* End PBXResourcesBuildPhase section */

/* Begin PBXShellScriptBuildPhase section */
		15BA90155A5B110116CF28E1 /* Check Pods Manifest.lock */ = {
			isa = PBXShellScriptBuildPhase;
			buildActionMask = 2147483647;
			files = (
			);
			inputPaths = (
			);
			name = "Check Pods Manifest.lock";
			outputPaths = (
			);
			runOnlyForDeploymentPostprocessing = 0;
			shellPath = /bin/sh;
			shellScript = "diff \"${PODS_ROOT}/../Podfile.lock\" \"${PODS_ROOT}/Manifest.lock\" > /dev/null\nif [[ $? != 0 ]] ; then\n    cat << EOM\nerror: The sandbox is not in sync with the Podfile.lock. Run 'pod install' or update your CocoaPods installation.\nEOM\n    exit 1\nfi\n";
			showEnvVarsInLog = 0;
		};
		723F757EDFFF0E17D12F7CDB /* Copy Pods Resources */ = {
			isa = PBXShellScriptBuildPhase;
			buildActionMask = 2147483647;
			files = (
			);
			inputPaths = (
			);
			name = "Copy Pods Resources";
			outputPaths = (
			);
			runOnlyForDeploymentPostprocessing = 0;
			shellPath = /bin/sh;
			shellScript = "\"${SRCROOT}/Pods/Target Support Files/Pods-Memo/Pods-Memo-resources.sh\"\n";
			showEnvVarsInLog = 0;
		};
		8B6A5B8E1526EB971DBB9D9F /* Embed Pods Frameworks */ = {
			isa = PBXShellScriptBuildPhase;
			buildActionMask = 2147483647;
			files = (
			);
			inputPaths = (
			);
			name = "Embed Pods Frameworks";
			outputPaths = (
			);
			runOnlyForDeploymentPostprocessing = 0;
			shellPath = /bin/sh;
			shellScript = "\"${SRCROOT}/Pods/Target Support Files/Pods-Memo/Pods-Memo-frameworks.sh\"\n";
			showEnvVarsInLog = 0;
		};
/* End PBXShellScriptBuildPhase section */

/* Begin PBXSourcesBuildPhase section */
		B27004101B60ECCB00B1BEA7 /* Sources */ = {
			isa = PBXSourcesBuildPhase;
			buildActionMask = 2147483647;
			files = (
				B2F88C771B6B15CB002567BE /* MMViewController.swift in Sources */,
				B2F88C791B6B50BB002567BE /* MMNoteEditTextView.swift in Sources */,
				B270041A1B60ECCB00B1BEA7 /* AppDelegate.swift in Sources */,
				B201C2961B660FF8004CA10C /* MMNoteCollectionViewController.swift in Sources */,
				B24623D61B61DA3E00F2FE32 /* MMNavigationController.swift in Sources */,
				2085DAC31B6141F0003A8263 /* MMTouchLockSplashViewController.swift in Sources */,
				B22594CC1B6A64F00065BDF7 /* MMConstant.swift in Sources */,
				B22594C81B6A15AD0065BDF7 /* MMNoteEditViewController.swift in Sources */,
				B22594D11B6A67C10065BDF7 /* CommonHelper.swift in Sources */,
				B24623D41B61D93F00F2FE32 /* MMTabBarController.swift in Sources */,
				B2F88C7B1B6B706F002567BE /* Memo-Header.swift in Sources */,
			);
			runOnlyForDeploymentPostprocessing = 0;
		};
		B27004251B60ECCB00B1BEA7 /* Sources */ = {
			isa = PBXSourcesBuildPhase;
			buildActionMask = 2147483647;
			files = (
				B27004301B60ECCB00B1BEA7 /* MemoTests.swift in Sources */,
			);
			runOnlyForDeploymentPostprocessing = 0;
		};
/* End PBXSourcesBuildPhase section */

/* Begin PBXTargetDependency section */
		B270042B1B60ECCB00B1BEA7 /* PBXTargetDependency */ = {
			isa = PBXTargetDependency;
			target = B27004131B60ECCB00B1BEA7 /* Memo */;
			targetProxy = B270042A1B60ECCB00B1BEA7 /* PBXContainerItemProxy */;
		};
/* End PBXTargetDependency section */

/* Begin PBXVariantGroup section */
		B270041D1B60ECCB00B1BEA7 /* Main.storyboard */ = {
			isa = PBXVariantGroup;
			children = (
				B270041E1B60ECCB00B1BEA7 /* Base */,
			);
			name = Main.storyboard;
			sourceTree = "<group>";
		};
		B27004221B60ECCB00B1BEA7 /* LaunchScreen.xib */ = {
			isa = PBXVariantGroup;
			children = (
				B27004231B60ECCB00B1BEA7 /* Base */,
			);
			name = LaunchScreen.xib;
			sourceTree = "<group>";
		};
/* End PBXVariantGroup section */

/* Begin XCBuildConfiguration section */
		B27004311B60ECCB00B1BEA7 /* Debug */ = {
			isa = XCBuildConfiguration;
			buildSettings = {
				ALWAYS_SEARCH_USER_PATHS = NO;
				CLANG_CXX_LANGUAGE_STANDARD = "gnu++0x";
				CLANG_CXX_LIBRARY = "libc++";
				CLANG_ENABLE_MODULES = YES;
				CLANG_ENABLE_OBJC_ARC = YES;
				CLANG_WARN_BOOL_CONVERSION = YES;
				CLANG_WARN_CONSTANT_CONVERSION = YES;
				CLANG_WARN_DIRECT_OBJC_ISA_USAGE = YES_ERROR;
				CLANG_WARN_EMPTY_BODY = YES;
				CLANG_WARN_ENUM_CONVERSION = YES;
				CLANG_WARN_INT_CONVERSION = YES;
				CLANG_WARN_OBJC_ROOT_CLASS = YES_ERROR;
				CLANG_WARN_UNREACHABLE_CODE = YES;
				CLANG_WARN__DUPLICATE_METHOD_MATCH = YES;
				"CODE_SIGN_IDENTITY[sdk=iphoneos*]" = "iPhone Developer";
				COPY_PHASE_STRIP = NO;
				DEBUG_INFORMATION_FORMAT = "dwarf-with-dsym";
				ENABLE_STRICT_OBJC_MSGSEND = YES;
				GCC_C_LANGUAGE_STANDARD = gnu99;
				GCC_DYNAMIC_NO_PIC = NO;
				GCC_NO_COMMON_BLOCKS = YES;
				GCC_OPTIMIZATION_LEVEL = 0;
				GCC_PREPROCESSOR_DEFINITIONS = (
					"DEBUG=1",
					"$(inherited)",
				);
				GCC_SYMBOLS_PRIVATE_EXTERN = NO;
				GCC_WARN_64_TO_32_BIT_CONVERSION = YES;
				GCC_WARN_ABOUT_RETURN_TYPE = YES_ERROR;
				GCC_WARN_UNDECLARED_SELECTOR = YES;
				GCC_WARN_UNINITIALIZED_AUTOS = YES_AGGRESSIVE;
				GCC_WARN_UNUSED_FUNCTION = YES;
				GCC_WARN_UNUSED_VARIABLE = YES;
				IPHONEOS_DEPLOYMENT_TARGET = 8.4;
				MTL_ENABLE_DEBUG_INFO = YES;
				ONLY_ACTIVE_ARCH = YES;
				SDKROOT = iphoneos;
				SWIFT_OPTIMIZATION_LEVEL = "-Onone";
			};
			name = Debug;
		};
		B27004321B60ECCB00B1BEA7 /* Release */ = {
			isa = XCBuildConfiguration;
			buildSettings = {
				ALWAYS_SEARCH_USER_PATHS = NO;
				CLANG_CXX_LANGUAGE_STANDARD = "gnu++0x";
				CLANG_CXX_LIBRARY = "libc++";
				CLANG_ENABLE_MODULES = YES;
				CLANG_ENABLE_OBJC_ARC = YES;
				CLANG_WARN_BOOL_CONVERSION = YES;
				CLANG_WARN_CONSTANT_CONVERSION = YES;
				CLANG_WARN_DIRECT_OBJC_ISA_USAGE = YES_ERROR;
				CLANG_WARN_EMPTY_BODY = YES;
				CLANG_WARN_ENUM_CONVERSION = YES;
				CLANG_WARN_INT_CONVERSION = YES;
				CLANG_WARN_OBJC_ROOT_CLASS = YES_ERROR;
				CLANG_WARN_UNREACHABLE_CODE = YES;
				CLANG_WARN__DUPLICATE_METHOD_MATCH = YES;
				"CODE_SIGN_IDENTITY[sdk=iphoneos*]" = "iPhone Developer";
				COPY_PHASE_STRIP = NO;
				DEBUG_INFORMATION_FORMAT = "dwarf-with-dsym";
				ENABLE_NS_ASSERTIONS = NO;
				ENABLE_STRICT_OBJC_MSGSEND = YES;
				GCC_C_LANGUAGE_STANDARD = gnu99;
				GCC_NO_COMMON_BLOCKS = YES;
				GCC_WARN_64_TO_32_BIT_CONVERSION = YES;
				GCC_WARN_ABOUT_RETURN_TYPE = YES_ERROR;
				GCC_WARN_UNDECLARED_SELECTOR = YES;
				GCC_WARN_UNINITIALIZED_AUTOS = YES_AGGRESSIVE;
				GCC_WARN_UNUSED_FUNCTION = YES;
				GCC_WARN_UNUSED_VARIABLE = YES;
				IPHONEOS_DEPLOYMENT_TARGET = 8.4;
				MTL_ENABLE_DEBUG_INFO = NO;
				SDKROOT = iphoneos;
				VALIDATE_PRODUCT = YES;
			};
			name = Release;
		};
		B27004341B60ECCB00B1BEA7 /* Debug */ = {
			isa = XCBuildConfiguration;
			baseConfigurationReference = ADE2D46E64A63F19BE8C7817 /* Pods-Memo.debug.xcconfig */;
			buildSettings = {
				ASSETCATALOG_COMPILER_APPICON_NAME = AppIcon;
				CLANG_ENABLE_MODULES = YES;
				INFOPLIST_FILE = Memo/Info.plist;
				LD_RUNPATH_SEARCH_PATHS = "$(inherited) @executable_path/Frameworks";
				PRODUCT_NAME = "$(TARGET_NAME)";
				SWIFT_OBJC_BRIDGING_HEADER = "Memo/Memo-Bridging-Header.h";
				SWIFT_OPTIMIZATION_LEVEL = "-Onone";
			};
			name = Debug;
		};
		B27004351B60ECCB00B1BEA7 /* Release */ = {
			isa = XCBuildConfiguration;
			baseConfigurationReference = 8A6F8D927F4A9A46ECBDB276 /* Pods-Memo.release.xcconfig */;
			buildSettings = {
				ASSETCATALOG_COMPILER_APPICON_NAME = AppIcon;
				CLANG_ENABLE_MODULES = YES;
				INFOPLIST_FILE = Memo/Info.plist;
				LD_RUNPATH_SEARCH_PATHS = "$(inherited) @executable_path/Frameworks";
				PRODUCT_NAME = "$(TARGET_NAME)";
				SWIFT_OBJC_BRIDGING_HEADER = "Memo/Memo-Bridging-Header.h";
			};
			name = Release;
		};
		B27004371B60ECCB00B1BEA7 /* Debug */ = {
			isa = XCBuildConfiguration;
			buildSettings = {
				BUNDLE_LOADER = "$(TEST_HOST)";
				FRAMEWORK_SEARCH_PATHS = (
					"$(SDKROOT)/Developer/Library/Frameworks",
					"$(inherited)",
				);
				GCC_PREPROCESSOR_DEFINITIONS = (
					"DEBUG=1",
					"$(inherited)",
				);
				INFOPLIST_FILE = MemoTests/Info.plist;
				LD_RUNPATH_SEARCH_PATHS = "$(inherited) @executable_path/Frameworks @loader_path/Frameworks";
				PRODUCT_NAME = "$(TARGET_NAME)";
				TEST_HOST = "$(BUILT_PRODUCTS_DIR)/Memo.app/Memo";
			};
			name = Debug;
		};
		B27004381B60ECCB00B1BEA7 /* Release */ = {
			isa = XCBuildConfiguration;
			buildSettings = {
				BUNDLE_LOADER = "$(TEST_HOST)";
				FRAMEWORK_SEARCH_PATHS = (
					"$(SDKROOT)/Developer/Library/Frameworks",
					"$(inherited)",
				);
				INFOPLIST_FILE = MemoTests/Info.plist;
				LD_RUNPATH_SEARCH_PATHS = "$(inherited) @executable_path/Frameworks @loader_path/Frameworks";
				PRODUCT_NAME = "$(TARGET_NAME)";
				TEST_HOST = "$(BUILT_PRODUCTS_DIR)/Memo.app/Memo";
			};
			name = Release;
		};
/* End XCBuildConfiguration section */

/* Begin XCConfigurationList section */
		B270040F1B60ECCB00B1BEA7 /* Build configuration list for PBXProject "Memo" */ = {
			isa = XCConfigurationList;
			buildConfigurations = (
				B27004311B60ECCB00B1BEA7 /* Debug */,
				B27004321B60ECCB00B1BEA7 /* Release */,
			);
			defaultConfigurationIsVisible = 0;
			defaultConfigurationName = Release;
		};
		B27004331B60ECCB00B1BEA7 /* Build configuration list for PBXNativeTarget "Memo" */ = {
			isa = XCConfigurationList;
			buildConfigurations = (
				B27004341B60ECCB00B1BEA7 /* Debug */,
				B27004351B60ECCB00B1BEA7 /* Release */,
			);
			defaultConfigurationIsVisible = 0;
			defaultConfigurationName = Release;
		};
		B27004361B60ECCB00B1BEA7 /* Build configuration list for PBXNativeTarget "MemoTests" */ = {
			isa = XCConfigurationList;
			buildConfigurations = (
				B27004371B60ECCB00B1BEA7 /* Debug */,
				B27004381B60ECCB00B1BEA7 /* Release */,
			);
			defaultConfigurationIsVisible = 0;
			defaultConfigurationName = Release;
		};
/* End XCConfigurationList section */
	};
	rootObject = B270040C1B60ECCB00B1BEA7 /* Project object */;
}
